
Microsoft Visual Studio Solution File, Format Version 12.00
# Visual Studio Version 17
VisualStudioVersion = 17.5.33424.131
MinimumVisualStudioVersion = 10.0.40219.1
Project("{C9674DCB-5085-4A16-B785-4C70DD1589BD}") = "SSIS_Staging", "SSIS_Staging.dtproj", "{60B84A2E-C620-49EA-8B50-547A6CD77495}"
EndProject
Global
	GlobalSection(SolutionConfigurationPlatforms) = preSolution
		Development|Default = Development|Default
	EndGlobalSection
	GlobalSection(ProjectConfigurationPlatforms) = postSolution
		{60B84A2E-C620-49EA-8B50-547A6CD77495}.Development|Default.ActiveCfg = Development
		{60B84A2E-C620-49EA-8B50-547A6CD77495}.Development|Default.Build.0 = Development
	EndGlobalSection
	GlobalSection(SolutionProperties) = preSolution
		HideSolutionNode = FALSE
	EndGlobalSection
	GlobalSection(ExtensibilityGlobals) = postSolution
		SolutionGuid = {8D3AF7B4-0426-4D3C-96B5-591FC236B78C}
	EndGlobalSection
EndGlobal
